
Microsoft Visual Studio Solution File, Format Version 12.00
# Visual Studio Version 17
VisualStudioVersion = 17.13.35825.156 d17.13
MinimumVisualStudioVersion = 10.0.40219.1
Project("{FAE04EC0-301F-11D3-BF4B-00C04F79EFBC}") = "mvcWebApplication2", "mvcWebApplication2\mvcWebApplication2.csproj", "{9C4330BC-81D3-4119-9340-8AD7FCA41F23}"
EndProject
Global
	GlobalSection(SolutionConfigurationPlatforms) = preSolution
		Debug|Any CPU = Debug|Any CPU
		Release|Any CPU = Release|Any CPU
	EndGlobalSection
	GlobalSection(ProjectConfigurationPlatforms) = postSolution
		{9C4330BC-81D3-4119-9340-8AD7FCA41F23}.Debug|Any CPU.ActiveCfg = Debug|Any CPU
		{9C4330BC-81D3-4119-9340-8AD7FCA41F23}.Debug|Any CPU.Build.0 = Debug|Any CPU
		{9C4330BC-81D3-4119-9340-8AD7FCA41F23}.Release|Any CPU.ActiveCfg = Release|Any CPU
		{9C4330BC-81D3-4119-9340-8AD7FCA41F23}.Release|Any CPU.Build.0 = Release|Any CPU
	EndGlobalSection
	GlobalSection(SolutionProperties) = preSolution
		HideSolutionNode = FALSE
	EndGlobalSection
	GlobalSection(ExtensibilityGlobals) = postSolution
		SolutionGuid = {C0AC760F-CB76-42BD-A95A-22960289486D}
	EndGlobalSection
EndGlobal
